
Microsoft Visual Studio Solution File, Format Version 12.00
# Visual Studio Version 17
VisualStudioVersion = 17.4.33213.308
MinimumVisualStudioVersion = 10.0.40219.1
Project("{FAE04EC0-301F-11D3-BF4B-00C04F79EFBC}") = "MarketPlace.WEB", "MarketPlace.WEB\MarketPlace.WEB.csproj", "{1023B57C-93FA-449F-A0D4-B4CBD439F317}"
EndProject
Project("{FAE04EC0-301F-11D3-BF4B-00C04F79EFBC}") = "MarketPlace.DAL", "..\MarketPlace.DAL\MarketPlace.DAL.csproj", "{00BCAE6E-DF28-44BF-BA18-1F3DC9C66110}"
EndProject
Project("{FAE04EC0-301F-11D3-BF4B-00C04F79EFBC}") = "MarketPlace.BLL", "..\MarketPlace.BLL\MarketPlace.BLL.csproj", "{E22E28AF-21C7-46B3-B2D5-2414F225B0B6}"
EndProject
Global
	GlobalSection(SolutionConfigurationPlatforms) = preSolution
		Debug|Any CPU = Debug|Any CPU
		Release|Any CPU = Release|Any CPU
	EndGlobalSection
	GlobalSection(ProjectConfigurationPlatforms) = postSolution
		{1023B57C-93FA-449F-A0D4-B4CBD439F317}.Debug|Any CPU.ActiveCfg = Debug|Any CPU
		{1023B57C-93FA-449F-A0D4-B4CBD439F317}.Debug|Any CPU.Build.0 = Debug|Any CPU
		{1023B57C-93FA-449F-A0D4-B4CBD439F317}.Release|Any CPU.ActiveCfg = Release|Any CPU
		{1023B57C-93FA-449F-A0D4-B4CBD439F317}.Release|Any CPU.Build.0 = Release|Any CPU
		{00BCAE6E-DF28-44BF-BA18-1F3DC9C66110}.Debug|Any CPU.ActiveCfg = Debug|Any CPU
		{00BCAE6E-DF28-44BF-BA18-1F3DC9C66110}.Debug|Any CPU.Build.0 = Debug|Any CPU
		{00BCAE6E-DF28-44BF-BA18-1F3DC9C66110}.Release|Any CPU.ActiveCfg = Release|Any CPU
		{00BCAE6E-DF28-44BF-BA18-1F3DC9C66110}.Release|Any CPU.Build.0 = Release|Any CPU
		{E22E28AF-21C7-46B3-B2D5-2414F225B0B6}.Debug|Any CPU.ActiveCfg = Debug|Any CPU
		{E22E28AF-21C7-46B3-B2D5-2414F225B0B6}.Debug|Any CPU.Build.0 = Debug|Any CPU
		{E22E28AF-21C7-46B3-B2D5-2414F225B0B6}.Release|Any CPU.ActiveCfg = Release|Any CPU
		{E22E28AF-21C7-46B3-B2D5-2414F225B0B6}.Release|Any CPU.Build.0 = Release|Any CPU
	EndGlobalSection
	GlobalSection(SolutionProperties) = preSolution
		HideSolutionNode = FALSE
	EndGlobalSection
	GlobalSection(ExtensibilityGlobals) = postSolution
		SolutionGuid = {9907FAB7-FDF6-45E9-9F44-FE5ACFB47833}
	EndGlobalSection
EndGlobal
